lockfileVersion: '6.0'

settings:
  autoInstallPeers: true
  excludeLinksFromLockfile: false

dependencies:
  '@prisma/client':
    specifier: 5.16.2-dev.1
    version: 5.16.2-dev.1(prisma@5.16.2-dev.1)
  '@prisma/extension-accelerate':
    specifier: 1.1.0
    version: 1.1.0(@prisma/client@5.16.2-dev.1)

devDependencies:
  prisma:
    specifier: 5.16.2-dev.1
    version: 5.16.2-dev.1

packages:

  /@prisma/client@5.16.2-dev.1(prisma@5.16.2-dev.1):
    resolution: {integrity: sha512-ne6RJ304XmUSS/F2Y5HTA5DBABQlGhUHXGHHCj8p5y6l/idwdONy0QXCTa7d6RVEdt9LbK7PGwRvOXsjPDGX0A==}
    engines: {node: '>=16.13'}
    requiresBuild: true
    peerDependencies:
      prisma: '*'
    peerDependenciesMeta:
      prisma:
        optional: true
    dependencies:
      prisma: 5.16.2-dev.1
    dev: false

  /@prisma/debug@5.16.2-dev.1:
    resolution: {integrity: sha512-uXDZvykn5B5zpZJQJAnvMHjenPb+S6C0lybglQbuT3ctH82NMqmUub+VrzCqveGJdBjgMfBKJbn/V1hR9hMZ1A==}

  /@prisma/engines-version@5.16.0-24.34ace0eb2704183d2c05b60b52fba5c43c13f303:
    resolution: {integrity: sha512-HkT2WbfmFZ9WUPyuJHhkiADxazHg8Y4gByrTSVeb3OikP6tjQ7txtSUGu9OBOBH0C13dPKN2qqH12xKtHu/Hiw==}

  /@prisma/engines@5.16.2-dev.1:
    resolution: {integrity: sha512-DVRSbDIQTIaMMRO958QeDy9+XJo6r3OKSGHnTS9EqCtamgxtKwQ/Z4K4zur56gcejxEVRkl65g3tzAgPJWvCRw==}
    requiresBuild: true
    dependencies:
      '@prisma/debug': 5.16.2-dev.1
      '@prisma/engines-version': 5.16.0-24.34ace0eb2704183d2c05b60b52fba5c43c13f303
      '@prisma/fetch-engine': 5.16.2-dev.1
      '@prisma/get-platform': 5.16.2-dev.1

  /@prisma/extension-accelerate@1.1.0(@prisma/client@5.16.2-dev.1):
    resolution: {integrity: sha512-sESjhBZ4ywQjAVpKzsfhxyNu+9txIM5I6M1MPBaJBq/xDlqmniIAhlwIEt9KLtO80zqPxqbZYes18zrkgYqNiQ==}
    engines: {node: '>=16'}
    peerDependencies:
      '@prisma/client': '>=4.16.1'
    dependencies:
      '@prisma/client': 5.16.2-dev.1(prisma@5.16.2-dev.1)
    dev: false

  /@prisma/fetch-engine@5.16.2-dev.1:
    resolution: {integrity: sha512-PvHyMQpnJOG4Mg8cCB5ZHp2/yS+13zXsrI2EPq0egce/HF7uHE4s8C/zYtoIGqlSUuJyjBYgCWJ75cFfXr2urg==}
    dependencies:
      '@prisma/debug': 5.16.2-dev.1
      '@prisma/engines-version': 5.16.0-24.34ace0eb2704183d2c05b60b52fba5c43c13f303
      '@prisma/get-platform': 5.16.2-dev.1

  /@prisma/get-platform@5.16.2-dev.1:
    resolution: {integrity: sha512-gxXE1LKLWvjmBwlsbgH01WmRXp1ccJgH15FSEjEGcjVXAUrnd+9LxL2V/V/ZaFhaYDST0HadQUVS4pKunj6wNw==}
    dependencies:
      '@prisma/debug': 5.16.2-dev.1

  /prisma@5.16.2-dev.1:
    resolution: {integrity: sha512-tRxfidfun1xfAAxIdMxPrYAmsv3GuFX4xe8vcptwsCdalxl/BdYvOMs5583Bm5PP7KtQu2fn3nmjrsHbfiwPYg==}
    engines: {node: '>=16.13'}
    hasBin: true
    requiresBuild: true
    dependencies:
      '@prisma/engines': 5.16.2-dev.1
