lockfileVersion: '6.0'

settings:
  autoInstallPeers: true
  excludeLinksFromLockfile: false

dependencies:
  '@prisma/client':
    specifier: 5.18.0-integration-feat-typed-sql.7
    version: 5.18.0-integration-feat-typed-sql.7(prisma@5.18.0-integration-feat-typed-sql.7)
  '@prisma/extension-accelerate':
    specifier: 1.1.0
    version: 1.1.0(@prisma/client@5.18.0-integration-feat-typed-sql.7)

devDependencies:
  prisma:
    specifier: 5.18.0-integration-feat-typed-sql.7
    version: 5.18.0-integration-feat-typed-sql.7

packages:

  /@prisma/client@5.18.0-integration-feat-typed-sql.7(prisma@5.18.0-integration-feat-typed-sql.7):
    resolution: {integrity: sha512-giOF3aa0+j8Z6S+iVLGftahpU4a2FBhyg3c9IXRjM7oCDkChno2BAmRjiv9D6ah0ukP/yaV3V4SApp6OSIuH/w==}
    engines: {node: '>=16.13'}
    requiresBuild: true
    peerDependencies:
      prisma: '*'
    peerDependenciesMeta:
      prisma:
        optional: true
    dependencies:
      prisma: 5.18.0-integration-feat-typed-sql.7
    dev: false

  /@prisma/debug@5.18.0-integration-feat-typed-sql.7:
    resolution: {integrity: sha512-jZqMkg8MlXw+87Cgdf4e1yUrKO6JlxAMre37SxFBn64/zFyDJdg/hKRxM6X8fxY4KkoPYsOwtj5nDSkr54ETzw==}

  /@prisma/engines-version@5.18.0-26.feat-introspect-sql-4dcdf8b8304815e12f4af0e41837efb42c98e9b7:
    resolution: {integrity: sha512-DK5/85Bo+qD5AYfZe/lCZ+8CqXyt9UCk/NiD6dlzhYgj9KjqS2Vi7G5BWXnmi965LnvGiJz/gyQtu7Uy4lr2Vw==}

  /@prisma/engines@5.18.0-integration-feat-typed-sql.7:
    resolution: {integrity: sha512-j2rY8UhxhR6T+/hBMmVmK79eEfSX5WaG8jjkBSbE6DgWiZjuEJPfu9gUkVuJ7E7Tmok4H+PBGk0qQuEh6V+czw==}
    requiresBuild: true
    dependencies:
      '@prisma/debug': 5.18.0-integration-feat-typed-sql.7
      '@prisma/engines-version': 5.18.0-26.feat-introspect-sql-4dcdf8b8304815e12f4af0e41837efb42c98e9b7
      '@prisma/fetch-engine': 5.18.0-integration-feat-typed-sql.7
      '@prisma/get-platform': 5.18.0-integration-feat-typed-sql.7

  /@prisma/extension-accelerate@1.1.0(@prisma/client@5.18.0-integration-feat-typed-sql.7):
    resolution: {integrity: sha512-sESjhBZ4ywQjAVpKzsfhxyNu+9txIM5I6M1MPBaJBq/xDlqmniIAhlwIEt9KLtO80zqPxqbZYes18zrkgYqNiQ==}
    engines: {node: '>=16'}
    peerDependencies:
      '@prisma/client': '>=4.16.1'
    dependencies:
      '@prisma/client': 5.18.0-integration-feat-typed-sql.7(prisma@5.18.0-integration-feat-typed-sql.7)
    dev: false

  /@prisma/fetch-engine@5.18.0-integration-feat-typed-sql.7:
    resolution: {integrity: sha512-3VEjgtxO75rtuPnemHKxrOFnIApQNv/64W6q972zPaORkVv/+/3QNzifQ4O0edGyh9GgZ6es10QmPuIejQr7zA==}
    dependencies:
      '@prisma/debug': 5.18.0-integration-feat-typed-sql.7
      '@prisma/engines-version': 5.18.0-26.feat-introspect-sql-4dcdf8b8304815e12f4af0e41837efb42c98e9b7
      '@prisma/get-platform': 5.18.0-integration-feat-typed-sql.7

  /@prisma/get-platform@5.18.0-integration-feat-typed-sql.7:
    resolution: {integrity: sha512-Hl/yXb/FZdAtwwHZyvBaQnZZrHEVuu/xGzRovaI/tpDa48WkOxr/KD7Z/u7Oqm4q5sZz/IpbhezDa61Ie5aN7Q==}
    dependencies:
      '@prisma/debug': 5.18.0-integration-feat-typed-sql.7

  /prisma@5.18.0-integration-feat-typed-sql.7:
    resolution: {integrity: sha512-EtwxYPNyqZ1CKSEDHheAJucaBUfK7KPJrzhqb8+uY1Z6g+Vbfd1Dxkfa3Ww3kbA0OOoMG3kSZFK+NCcfjanjig==}
    engines: {node: '>=16.13'}
    hasBin: true
    requiresBuild: true
    dependencies:
      '@prisma/engines': 5.18.0-integration-feat-typed-sql.7
